
Microsoft Visual Studio Solution File, Format Version 12.00
# Visual Studio 2013
VisualStudioVersion = 12.0.21005.1
MinimumVisualStudioVersion = 10.0.40219.1
Project("{FAE04EC0-301F-11D3-BF4B-00C04F79EFBC}") = "DAO", "DAO\DAO.csproj", "{C38F4821-12DF-43D7-9FCE-066017B2ECF8}"
EndProject
Project("{FAE04EC0-301F-11D3-BF4B-00C04F79EFBC}") = "DTO", "DTO\DTO.csproj", "{755FF284-CF61-4809-A1DB-64268C3D238A}"
EndProject
Project("{FAE04EC0-301F-11D3-BF4B-00C04F79EFBC}") = "GUI", "GUI\GUI.csproj", "{33193820-3D7A-4091-A9F4-7EA6673EF7FD}"
EndProject
Project("{FAE04EC0-301F-11D3-BF4B-00C04F79EFBC}") = "BUS", "BUS\BUS.csproj", "{A9D418FF-D99B-4911-BC40-B9B3BBE3C424}"
EndProject
Global
	GlobalSection(SolutionConfigurationPlatforms) = preSolution
		Debug|Any CPU = Debug|Any CPU
		Release|Any CPU = Release|Any CPU
	EndGlobalSection
	GlobalSection(ProjectConfigurationPlatforms) = postSolution
		{C38F4821-12DF-43D7-9FCE-066017B2ECF8}.Debug|Any CPU.ActiveCfg = Debug|Any CPU
		{C38F4821-12DF-43D7-9FCE-066017B2ECF8}.Debug|Any CPU.Build.0 = Debug|Any CPU
		{C38F4821-12DF-43D7-9FCE-066017B2ECF8}.Release|Any CPU.ActiveCfg = Release|Any CPU
		{C38F4821-12DF-43D7-9FCE-066017B2ECF8}.Release|Any CPU.Build.0 = Release|Any CPU
		{755FF284-CF61-4809-A1DB-64268C3D238A}.Debug|Any CPU.ActiveCfg = Debug|Any CPU
		{755FF284-CF61-4809-A1DB-64268C3D238A}.Debug|Any CPU.Build.0 = Debug|Any CPU
		{755FF284-CF61-4809-A1DB-64268C3D238A}.Release|Any CPU.ActiveCfg = Release|Any CPU
		{755FF284-CF61-4809-A1DB-64268C3D238A}.Release|Any CPU.Build.0 = Release|Any CPU
		{33193820-3D7A-4091-A9F4-7EA6673EF7FD}.Debug|Any CPU.ActiveCfg = Debug|Any CPU
		{33193820-3D7A-4091-A9F4-7EA6673EF7FD}.Debug|Any CPU.Build.0 = Debug|Any CPU
		{33193820-3D7A-4091-A9F4-7EA6673EF7FD}.Release|Any CPU.ActiveCfg = Release|Any CPU
		{33193820-3D7A-4091-A9F4-7EA6673EF7FD}.Release|Any CPU.Build.0 = Release|Any CPU
		{A9D418FF-D99B-4911-BC40-B9B3BBE3C424}.Debug|Any CPU.ActiveCfg = Debug|Any CPU
		{A9D418FF-D99B-4911-BC40-B9B3BBE3C424}.Debug|Any CPU.Build.0 = Debug|Any CPU
		{A9D418FF-D99B-4911-BC40-B9B3BBE3C424}.Release|Any CPU.ActiveCfg = Release|Any CPU
		{A9D418FF-D99B-4911-BC40-B9B3BBE3C424}.Release|Any CPU.Build.0 = Release|Any CPU
	EndGlobalSection
	GlobalSection(SolutionProperties) = preSolution
		HideSolutionNode = FALSE
	EndGlobalSection
EndGlobal
